{
  "version": "4",
  "specifiers": {
    "jsr:@core/unknownutil@4": "4.3.0",
    "jsr:@cosense/std@0.28": "0.28.4",
    "jsr:@cosense/std@0.29": "0.29.2",
    "jsr:@cosense/types@0.10": "0.10.1",
    "jsr:@std/assert@1": "1.0.9",
    "jsr:@std/assert@^1.0.8": "1.0.9",
    "jsr:@std/async@1": "1.0.9",
    "jsr:@std/encoding@1": "1.0.5",
    "jsr:@std/fs@^1.0.5": "1.0.6",
    "jsr:@std/internal@^1.0.5": "1.0.5",
    "jsr:@std/path@^1.0.8": "1.0.8",
    "jsr:@std/testing@1": "1.0.5",
    "jsr:@takker/cosense-storage@0.3": "0.3.1",
    "jsr:@takker/debug-js@0.1": "0.1.2",
    "jsr:@takker/md5@0.1": "0.1.0",
    "jsr:@takker/throttle@0.3": "0.3.0",
    "npm:date-fns@4": "4.1.0",
    "npm:idb@8": "8.0.0",
    "npm:option-t@50": "50.0.2",
    "npm:option-t@^49.1.0": "49.3.0",
    "npm:option-t@^50.0.1": "50.0.2",
    "npm:preact@10": "10.25.2"
  },
  "jsr": {
    "@core/unknownutil@4.3.0": {
      "integrity": "538a3687ffa81028e91d148818047df219663d0da671d906cecd165581ae55cc"
    },
    "@cosense/std@0.28.4": {
      "integrity": "1563399d4cd26c12866c471221f402fddd896cae389c141260d06d6bc1ea8cf1",
      "dependencies": [
        "jsr:@core/unknownutil",
        "jsr:@cosense/types",
        "jsr:@std/async",
        "jsr:@std/encoding",
        "jsr:@takker/md5",
        "npm:option-t@^49.1.0"
      ]
    },
    "@cosense/std@0.29.2": {
      "integrity": "668d473666b38cf8320394dfb96d31625b3856716f591671687d245af211f3d4",
      "dependencies": [
        "jsr:@core/unknownutil",
        "jsr:@cosense/types",
        "jsr:@std/encoding",
        "jsr:@takker/md5",
        "npm:option-t@50"
      ]
    },
    "@cosense/types@0.10.1": {
      "integrity": "13d2488a02c7b0b035a265bc3299affbdab1ea5b607516379685965cd37b2058"
    },
    "@std/assert@1.0.9": {
      "integrity": "a9f0c611a869cc791b26f523eec54c7e187aab7932c2c8e8bea0622d13680dcd",
      "dependencies": [
        "jsr:@std/internal"
      ]
    },
    "@std/async@1.0.9": {
      "integrity": "c6472fd0623b3f3daae023cdf7ca5535e1b721dfbf376562c0c12b3fb4867f91"
    },
    "@std/encoding@1.0.5": {
      "integrity": "ecf363d4fc25bd85bd915ff6733a7e79b67e0e7806334af15f4645c569fefc04"
    },
    "@std/fs@1.0.6": {
      "integrity": "42b56e1e41b75583a21d5a37f6a6a27de9f510bcd36c0c85791d685ca0b85fa2",
      "dependencies": [
        "jsr:@std/path"
      ]
    },
    "@std/internal@1.0.5": {
      "integrity": "54a546004f769c1ac9e025abd15a76b6671ddc9687e2313b67376125650dc7ba"
    },
    "@std/path@1.0.8": {
      "integrity": "548fa456bb6a04d3c1a1e7477986b6cffbce95102d0bb447c67c4ee70e0364be"
    },
    "@std/testing@1.0.5": {
      "integrity": "6e693cbec94c81a1ad3df668685c7ba8e20742bb10305bc7137faa5cf16d2ec4",
      "dependencies": [
        "jsr:@std/assert@^1.0.8",
        "jsr:@std/fs",
        "jsr:@std/internal",
        "jsr:@std/path"
      ]
    },
    "@takker/cosense-storage@0.3.1": {
      "integrity": "731bff9f944150af414feb301a5f933bc186430ca46d97d969f15bd35f070de9",
      "dependencies": [
        "jsr:@cosense/std@0.29",
        "jsr:@cosense/types",
        "jsr:@takker/debug-js",
        "npm:date-fns",
        "npm:idb",
        "npm:option-t@^50.0.1"
      ]
    },
    "@takker/debug-js@0.1.2": {
      "integrity": "e40584f3705bec776fb469b46fc084a28e967e3a89b20df492ec4f641ecc4af0"
    },
    "@takker/md5@0.1.0": {
      "integrity": "4c423d8247aadf7bcb1eb83c727bf28c05c21906e916517395d00aa157b6eae0"
    },
    "@takker/throttle@0.3.0": {
      "integrity": "9987a6f1baed4719ff525468819a466aa536fd68ba3cc2eb2485ca7ce6c57046"
    }
  },
  "npm": {
    "date-fns@4.1.0": {
      "integrity": "sha512-Ukq0owbQXxa/U3EGtsdVBkR1w7KOQ5gIBqdH2hkvknzZPYvBxb/aa6E8L7tmjFtkwZBu3UXBbjIgPo/Ez4xaNg=="
    },
    "idb@8.0.0": {
      "integrity": "sha512-l//qvlAKGmQO31Qn7xdzagVPPaHTxXx199MhrAFuVBTPqydcPYBWjkrbv4Y0ktB+GmWOiwHl237UUOrLmQxLvw=="
    },
    "option-t@49.3.0": {
      "integrity": "sha512-MQFSbqNnjEzQahREx7r1tESmK2UctFK+zmwmnHpBHROJvoRGM9tDMWi53B6ePyFJyAiggRRV9cuXedkpLBeC8w=="
    },
    "option-t@50.0.2": {
      "integrity": "sha512-tIGimxb003CDEqu7f+SJtDDVK5LKAlbLt7q5tW5vFMiBb7QXqESXhgmP5bF+BUnShOKRTBfI/PHZBv7I+NHlig=="
    },
    "preact@10.25.2": {
      "integrity": "sha512-GEts1EH3oMnqdOIeXhlbBSddZ9nrINd070WBOiPO2ous1orrKGUM4SMDbwyjSWD1iMS2dBvaDjAa5qUhz3TXqw=="
    }
  }
}
