{
  "version": "5",
  "specifiers": {
    "jsr:@core/unknownutil@4": "4.3.0",
    "jsr:@cosense/std@0.28": "0.28.4",
    "jsr:@cosense/std@~0.29.3": "0.29.14",
    "jsr:@cosense/types@0.10": "0.10.10",
    "jsr:@cosense/types@~0.10.4": "0.10.10",
    "jsr:@std/assert@1": "1.0.13",
    "jsr:@std/assert@^1.0.13": "1.0.13",
    "jsr:@std/async@1": "1.0.14",
    "jsr:@std/encoding@1": "1.0.10",
    "jsr:@std/fs@^1.0.19": "1.0.19",
    "jsr:@std/internal@^1.0.10": "1.0.10",
    "jsr:@std/internal@^1.0.6": "1.0.10",
    "jsr:@std/internal@^1.0.9": "1.0.10",
    "jsr:@std/path@^1.1.1": "1.1.1",
    "jsr:@std/testing@1": "1.0.15",
    "jsr:@takker/cosense-storage@0.3": "0.3.4",
    "jsr:@takker/debug-js@0.1": "0.1.2",
    "jsr:@takker/md5@0.1": "0.1.0",
    "jsr:@takker/throttle@0.3": "0.3.1",
    "npm:@logtape/logtape@0.8": "0.8.2",
    "npm:@okikio/sharedworker@1": "1.1.0",
    "npm:@okikio/sharedworker@^1.1.0": "1.1.0",
    "npm:comlink@4": "4.4.2",
    "npm:comlink@^4.4.2": "4.4.2",
    "npm:date-fns@4": "4.1.0",
    "npm:idb@8": "8.0.3",
    "npm:idb@^8.0.1": "8.0.3",
    "npm:option-t@51": "51.1.1",
    "npm:option-t@^49.1.0": "49.3.0",
    "npm:option-t@^50.0.2": "50.0.2",
    "npm:preact@10": "10.27.0"
  },
  "jsr": {
    "@core/unknownutil@4.3.0": {
      "integrity": "538a3687ffa81028e91d148818047df219663d0da671d906cecd165581ae55cc"
    },
    "@cosense/std@0.28.4": {
      "integrity": "1563399d4cd26c12866c471221f402fddd896cae389c141260d06d6bc1ea8cf1",
      "dependencies": [
        "jsr:@core/unknownutil",
        "jsr:@cosense/types@0.10",
        "jsr:@std/async",
        "jsr:@std/encoding",
        "jsr:@takker/md5",
        "npm:option-t@^49.1.0"
      ]
    },
    "@cosense/std@0.29.14": {
      "integrity": "2a603abf14e557376c94232e4a4ffce7d8322da398d5c8a8abe0975687021354",
      "dependencies": [
        "jsr:@core/unknownutil",
        "jsr:@cosense/types@0.10",
        "jsr:@std/encoding",
        "jsr:@takker/md5",
        "npm:option-t@51"
      ]
    },
    "@cosense/types@0.10.10": {
      "integrity": "16575916902f22a7d401edbd2305324cfcb378aa2bc39a4fef7ba81a1c84a0a1"
    },
    "@std/assert@1.0.13": {
      "integrity": "ae0d31e41919b12c656c742b22522c32fb26ed0cba32975cb0de2a273cb68b29",
      "dependencies": [
        "jsr:@std/internal@^1.0.6"
      ]
    },
    "@std/async@1.0.14": {
      "integrity": "62e954a418652c704d37563a3e54a37d4cf0268a9dcaeac1660cc652880b5326"
    },
    "@std/encoding@1.0.10": {
      "integrity": "8783c6384a2d13abd5e9e87a7ae0520a30e9f56aeeaa3bdf910a3eaaf5c811a1"
    },
    "@std/fs@1.0.19": {
      "integrity": "051968c2b1eae4d2ea9f79a08a3845740ef6af10356aff43d3e2ef11ed09fb06",
      "dependencies": [
        "jsr:@std/path"
      ]
    },
    "@std/internal@1.0.10": {
      "integrity": "e3be62ce42cab0e177c27698e5d9800122f67b766a0bea6ca4867886cbde8cf7"
    },
    "@std/path@1.1.1": {
      "integrity": "fe00026bd3a7e6a27f73709b83c607798be40e20c81dde655ce34052fd82ec76",
      "dependencies": [
        "jsr:@std/internal@^1.0.9"
      ]
    },
    "@std/testing@1.0.15": {
      "integrity": "a490169f5ccb0f3ae9c94fbc69d2cd43603f2cffb41713a85f99bbb0e3087cbc",
      "dependencies": [
        "jsr:@std/assert@^1.0.13",
        "jsr:@std/fs",
        "jsr:@std/internal@^1.0.10",
        "jsr:@std/path"
      ]
    },
    "@takker/cosense-storage@0.3.4": {
      "integrity": "adf740831872c80d9dde0324f3349625abec0fd486c41d751e382525eb0d6f60",
      "dependencies": [
        "jsr:@cosense/std@~0.29.3",
        "jsr:@cosense/types@~0.10.4",
        "npm:@logtape/logtape",
        "npm:date-fns",
        "npm:idb@^8.0.1",
        "npm:option-t@^50.0.2"
      ]
    },
    "@takker/debug-js@0.1.2": {
      "integrity": "e40584f3705bec776fb469b46fc084a28e967e3a89b20df492ec4f641ecc4af0"
    },
    "@takker/md5@0.1.0": {
      "integrity": "4c423d8247aadf7bcb1eb83c727bf28c05c21906e916517395d00aa157b6eae0"
    },
    "@takker/throttle@0.3.1": {
      "integrity": "1d0bb9401a70f50a0f2ff188a4383e7af5c7703332e84990f28aba10f715c48e"
    }
  },
  "npm": {
    "@logtape/logtape@0.8.2": {
      "integrity": "sha512-KikaMHi64p0BHYrYOE2Lom4dOE3R8PGT+21QJ5Ql/SWy0CNOp69dkAlG9RXzENQ6PAMWtiU+4kelJYNvfUvHOQ=="
    },
    "@okikio/sharedworker@1.1.0": {
      "integrity": "sha512-Xj9TUWll9mhARsKu5DtlQCjRekfJfQ2E291ow6gmXIz+WuF6uJMH8ZmGhdRTx/ndOippHnm1j/vxXNjmR6JuXw=="
    },
    "comlink@4.4.2": {
      "integrity": "sha512-OxGdvBmJuNKSCMO4NTl1L47VRp6xn2wG4F/2hYzB6tiCb709otOxtEYCSvK80PtjODfXXZu8ds+Nw5kVCjqd2g=="
    },
    "date-fns@4.1.0": {
      "integrity": "sha512-Ukq0owbQXxa/U3EGtsdVBkR1w7KOQ5gIBqdH2hkvknzZPYvBxb/aa6E8L7tmjFtkwZBu3UXBbjIgPo/Ez4xaNg=="
    },
    "idb@8.0.3": {
      "integrity": "sha512-LtwtVyVYO5BqRvcsKuB2iUMnHwPVByPCXFXOpuU96IZPPoPN6xjOGxZQ74pgSVVLQWtUOYgyeL4GE98BY5D3wg=="
    },
    "option-t@49.3.0": {
      "integrity": "sha512-MQFSbqNnjEzQahREx7r1tESmK2UctFK+zmwmnHpBHROJvoRGM9tDMWi53B6ePyFJyAiggRRV9cuXedkpLBeC8w=="
    },
    "option-t@50.0.2": {
      "integrity": "sha512-tIGimxb003CDEqu7f+SJtDDVK5LKAlbLt7q5tW5vFMiBb7QXqESXhgmP5bF+BUnShOKRTBfI/PHZBv7I+NHlig=="
    },
    "option-t@51.1.1": {
      "integrity": "sha512-Ww13j9NVqnGpxsaSr1y0o35Xq1WcopAeJkAbk9DWlKRBgFKYLuJwEU1GzWUtkhBhRQY0st5kfdtT02JO6YqEEw=="
    },
    "preact@10.27.0": {
      "integrity": "sha512-/DTYoB6mwwgPytiqQTh/7SFRL98ZdiD8Sk8zIUVOxtwq4oWcwrcd1uno9fE/zZmUaUrFNYzbH14CPebOz9tZQw=="
    }
  },
  "workspace": {
    "dependencies": [
      "npm:@okikio/sharedworker@^1.1.0",
      "npm:comlink@^4.4.2"
    ]
  }
}
